GEM
  remote: https://rubygems.org/
  specs:
    auth-sanitizer (0.1.2)
      version_gem (~> 1.1, >= 1.1.9)
    base64 (0.3.0)
    faraday (1.0.0)
      multipart-post (>= 1.2, < 3)
    foreman (0.86.0)
    hashie (5.0.0)
    jwt (3.2.0)
      base64
    logger (1.7.0)
    multi_xml (0.6.0)
    multipart-post (2.1.1)
    mustermann (2.0.2)
      ruby2_keywords (~> 0.0.1)
    nio4r (2.5.9)
    oauth2 (2.0.19)
      auth-sanitizer (~> 0.1)
      faraday (>= 0.17.3, < 4.0)
      jwt (>= 1.0, < 4.0)
      logger (~> 1.2)
      multi_xml (~> 0.5)
      rack (>= 1.2, < 4)
      snaky_hash (~> 2.0, >= 2.0.3)
      version_gem (~> 1.1, >= 1.1.9)
    omniauth (2.1.4)
      hashie (>= 3.4.6)
      logger
      rack (>= 2.2.3)
      rack-protection
    omniauth-dex-energy (0.1.1)
      omniauth-oauth2 (~> 1.6)
    omniauth-oauth2 (1.9.0)
      oauth2 (>= 2.0.2, < 3)
      omniauth (~> 2.0)
    puma (6.3.1)
      nio4r (~> 2.0)
    rack (2.2.8)
    rack-protection (2.2.3)
      rack
    ruby2_keywords (0.0.5)
    sinatra (2.2.3)
      mustermann (~> 2.0)
      rack (~> 2.2)
      rack-protection (= 2.2.3)
      tilt (~> 2.0)
    slim (4.0.1)
      temple (>= 0.7.6, < 0.9)
      tilt (>= 2.0.6, < 2.1)
    snaky_hash (2.0.4)
      hashie (>= 0.1.0, < 6)
      version_gem (>= 1.1.8, < 3)
    temple (0.8.2)
    tilt (2.0.11)
    version_gem (1.1.9)

PLATFORMS
  ruby

DEPENDENCIES
  foreman
  omniauth-dex-energy
  puma
  sinatra
  slim

BUNDLED WITH
   2.1.4
